
Microsoft Visual Studio Solution File, Format Version 12.00
# Visual Studio Version 17
VisualStudioVersion = 17.5.002.0
MinimumVisualStudioVersion = 10.0.40219.1
Project("{9A19103F-16F7-4668-BE54-9A1E7A4F7556}") = "Juego en ingles", "Juego en ingles.csproj", "{EBB1EC58-6969-4D53-B921-92BC85387E28}"
EndProject
Global
	GlobalSection(SolutionConfigurationPlatforms) = preSolution
		Debug|Any CPU = Debug|Any CPU
		Release|Any CPU = Release|Any CPU
	EndGlobalSection
	GlobalSection(ProjectConfigurationPlatforms) = postSolution
		{EBB1EC58-6969-4D53-B921-92BC85387E28}.Debug|Any CPU.ActiveCfg = Debug|Any CPU
		{EBB1EC58-6969-4D53-B921-92BC85387E28}.Debug|Any CPU.Build.0 = Debug|Any CPU
		{EBB1EC58-6969-4D53-B921-92BC85387E28}.Release|Any CPU.ActiveCfg = Release|Any CPU
		{EBB1EC58-6969-4D53-B921-92BC85387E28}.Release|Any CPU.Build.0 = Release|Any CPU
	EndGlobalSection
	GlobalSection(SolutionProperties) = preSolution
		HideSolutionNode = FALSE
	EndGlobalSection
	GlobalSection(ExtensibilityGlobals) = postSolution
		SolutionGuid = {2D8D62A4-0633-45BE-9700-068136DB2BC6}
	EndGlobalSection
EndGlobal
